
Microsoft Visual Studio Solution File, Format Version 12.00
# Visual Studio Version 17
VisualStudioVersion = 17.11.35327.3
MinimumVisualStudioVersion = 10.0.40219.1
Project("{FAE04EC0-301F-11D3-BF4B-00C04F79EFBC}") = "BloodBank.Shared", "BloodBank.Shared\BloodBank.Shared.csproj", "{B344A9CD-C6CF-4900-ABA0-9FFC10555353}"
EndProject
Project("{FAE04EC0-301F-11D3-BF4B-00C04F79EFBC}") = "BloodBank.API", "BloodBank.API\BloodBank.API.csproj", "{69C67B82-BB8B-48D0-927D-3B713B8A65B8}"
EndProject
Project("{FAE04EC0-301F-11D3-BF4B-00C04F79EFBC}") = "BloodBank.WEB", "BloodBank.WEB\BloodBank.WEB.csproj", "{794FD99E-3BE4-4882-845C-FF9392B2E36F}"
EndProject
Global
	GlobalSection(SolutionConfigurationPlatforms) = preSolution
		Debug|Any CPU = Debug|Any CPU
		Release|Any CPU = Release|Any CPU
	EndGlobalSection
	GlobalSection(ProjectConfigurationPlatforms) = postSolution
		{B344A9CD-C6CF-4900-ABA0-9FFC10555353}.Debug|Any CPU.ActiveCfg = Debug|Any CPU
		{B344A9CD-C6CF-4900-ABA0-9FFC10555353}.Debug|Any CPU.Build.0 = Debug|Any CPU
		{B344A9CD-C6CF-4900-ABA0-9FFC10555353}.Release|Any CPU.ActiveCfg = Release|Any CPU
		{B344A9CD-C6CF-4900-ABA0-9FFC10555353}.Release|Any CPU.Build.0 = Release|Any CPU
		{69C67B82-BB8B-48D0-927D-3B713B8A65B8}.Debug|Any CPU.ActiveCfg = Debug|Any CPU
		{69C67B82-BB8B-48D0-927D-3B713B8A65B8}.Debug|Any CPU.Build.0 = Debug|Any CPU
		{69C67B82-BB8B-48D0-927D-3B713B8A65B8}.Release|Any CPU.ActiveCfg = Release|Any CPU
		{69C67B82-BB8B-48D0-927D-3B713B8A65B8}.Release|Any CPU.Build.0 = Release|Any CPU
		{794FD99E-3BE4-4882-845C-FF9392B2E36F}.Debug|Any CPU.ActiveCfg = Debug|Any CPU
		{794FD99E-3BE4-4882-845C-FF9392B2E36F}.Debug|Any CPU.Build.0 = Debug|Any CPU
		{794FD99E-3BE4-4882-845C-FF9392B2E36F}.Release|Any CPU.ActiveCfg = Release|Any CPU
		{794FD99E-3BE4-4882-845C-FF9392B2E36F}.Release|Any CPU.Build.0 = Release|Any CPU
	EndGlobalSection
	GlobalSection(SolutionProperties) = preSolution
		HideSolutionNode = FALSE
	EndGlobalSection
	GlobalSection(ExtensibilityGlobals) = postSolution
		SolutionGuid = {DB8E98E5-5248-4CFC-B1AF-6DA19479BA78}
	EndGlobalSection
EndGlobal
